dependencies:
- name: prometheus
  repository: https://prometheus-community.github.io/helm-charts
  version: 25.0.0
- name: mongodb-atlas-operator
  repository: https://mongodb.github.io/helm-charts
  version: 1.7.1
digest: sha256:fcf2bc3386c69c770c72a9fd7fba01cca3e731977e379601de5e208188a18c13
generated: "2023-09-29T16:58:08.663577901-04:00"
